
Microsoft Visual Studio Solution File, Format Version 12.00
# Visual Studio 2012
Project("{FAE04EC0-301F-11D3-BF4B-00C04F79EFBC}") = "TestFizzBuzz", "TestFizzBuzz\TestFizzBuzz.csproj", "{0C2D5D0A-B3B7-48DC-B367-67D41F79E1FA}"
EndProject
Project("{FAE04EC0-301F-11D3-BF4B-00C04F79EFBC}") = "TestFizzBuzz.Tests", "TestFizzBuzz.Tests\TestFizzBuzz.Tests.csproj", "{B21906EC-8D10-46F5-BECB-FC497BCE2C50}"
EndProject
Global
	GlobalSection(SolutionConfigurationPlatforms) = preSolution
		Debug|Any CPU = Debug|Any CPU
		Release|Any CPU = Release|Any CPU
	EndGlobalSection
	GlobalSection(ProjectConfigurationPlatforms) = postSolution
		{0C2D5D0A-B3B7-48DC-B367-67D41F79E1FA}.Debug|Any CPU.ActiveCfg = Debug|Any CPU
		{0C2D5D0A-B3B7-48DC-B367-67D41F79E1FA}.Debug|Any CPU.Build.0 = Debug|Any CPU
		{0C2D5D0A-B3B7-48DC-B367-67D41F79E1FA}.Release|Any CPU.ActiveCfg = Release|Any CPU
		{0C2D5D0A-B3B7-48DC-B367-67D41F79E1FA}.Release|Any CPU.Build.0 = Release|Any CPU
		{B21906EC-8D10-46F5-BECB-FC497BCE2C50}.Debug|Any CPU.ActiveCfg = Debug|Any CPU
		{B21906EC-8D10-46F5-BECB-FC497BCE2C50}.Debug|Any CPU.Build.0 = Debug|Any CPU
		{B21906EC-8D10-46F5-BECB-FC497BCE2C50}.Release|Any CPU.ActiveCfg = Release|Any CPU
		{B21906EC-8D10-46F5-BECB-FC497BCE2C50}.Release|Any CPU.Build.0 = Release|Any CPU
	EndGlobalSection
	GlobalSection(SolutionProperties) = preSolution
		HideSolutionNode = FALSE
	EndGlobalSection
EndGlobal
